
Microsoft Visual Studio Solution File, Format Version 12.00
# Visual Studio Version 17
VisualStudioVersion = 17.10.35013.160
MinimumVisualStudioVersion = 10.0.40219.1
Project("{FAE04EC0-301F-11D3-BF4B-00C04F79EFBC}") = "Clinic90", "Clinic90\Clinic90.csproj", "{F2AF6851-9A81-4148-A715-BD0CC269F187}"
EndProject
Global
	GlobalSection(SolutionConfigurationPlatforms) = preSolution
		Debug|Any CPU = Debug|Any CPU
		Release|Any CPU = Release|Any CPU
	EndGlobalSection
	GlobalSection(ProjectConfigurationPlatforms) = postSolution
		{F2AF6851-9A81-4148-A715-BD0CC269F187}.Debug|Any CPU.ActiveCfg = Debug|Any CPU
		{F2AF6851-9A81-4148-A715-BD0CC269F187}.Debug|Any CPU.Build.0 = Debug|Any CPU
		{F2AF6851-9A81-4148-A715-BD0CC269F187}.Release|Any CPU.ActiveCfg = Release|Any CPU
		{F2AF6851-9A81-4148-A715-BD0CC269F187}.Release|Any CPU.Build.0 = Release|Any CPU
	EndGlobalSection
	GlobalSection(SolutionProperties) = preSolution
		HideSolutionNode = FALSE
	EndGlobalSection
	GlobalSection(ExtensibilityGlobals) = postSolution
		SolutionGuid = {B91C040F-CA10-4606-9CC5-39C1C7B73E46}
	EndGlobalSection
EndGlobal
